<?xml version="1.0" encoding="utf-8"?>
<Project ToolsVersion="4.0" xmlns="http://schemas.microsoft.com/developer/msbuild/2003">
  <ItemGroup>
    <Filter Include="Fichiers sources">
      <UniqueIdentifier>{4FC737F1-C7A5-4376-A066-2A32D752A2FF}</UniqueIdentifier>
      <Extensions>cpp;c;cc;cxx;c++;cppm;ixx;def;odl;idl;hpj;bat;asm;asmx</Extensions>
    </Filter>
    <Filter Include="Fichiers d%27en-tête">
      <UniqueIdentifier>{93995380-89BD-4b04-88EB-625FBE52EBFB}</UniqueIdentifier>
      <Extensions>h;hh;hpp;hxx;h++;hm;inl;inc;ipp;xsd</Extensions>
    </Filter>
    <Filter Include="Fichiers de ressources">
      <UniqueIdentifier>{67DA6AB6-F800-4c08-8B7A-83BB121AAD01}</UniqueIdentifier>
      <Extensions>rc;ico;cur;bmp;dlg;rc2;rct;bin;rgs;gif;jpg;jpeg;jpe;resx;tiff;tif;png;wav;mfcribbon-ms</Extensions>
    </Filter>
    <Filter Include="Fichiers sources\imgui">
      <UniqueIdentifier>{70596386-915b-4439-b979-955640c4525c}</UniqueIdentifier>
    </Filter>
  </ItemGroup>
  <ItemGroup>
    <ClInclude Include="Camera.h">
      <Filter>Fichiers d%27en-tête</Filter>
    </ClInclude>
    <ClInclude Include="Renderer.h">
      <Filter>Fichiers d%27en-tête</Filter>
    </ClInclude>
    <ClInclude Include="utils.h">
      <Filter>Fichiers d%27en-tête</Filter>
    </ClInclude>
    <ClInclude Include="VoxelTexture.h">
      <Filter>Fichiers d%27en-tête</Filter>
    </ClInclude>
    <ClInclude Include="ImguiWindows.h">
      <Filter>Fichiers d%27en-tête</Filter>
    </ClInclude>
    <ClInclude Include="ogt_vox.h">
      <Filter>Fichiers d%27en-tête</Filter>
    </ClInclude>
    <ClInclude Include="PhysicsSolver.h">
      <Filter>Fichiers d%27en-tête</Filter>
    </ClInclude>
    <ClInclude Include="Player.h">
      <Filter>Fichiers d%27en-tête</Filter>
    </ClInclude>
    <ClInclude Include="SaveManager.h">
      <Filter>Fichiers d%27en-tête</Filter>
    </ClInclude>
    <ClInclude Include="SettingsManager.h">
      <Filter>Fichiers d%27en-tête</Filter>
    </ClInclude>
  </ItemGroup>
  <ItemGroup>
    <ClCompile Include="Camera.cpp">
      <Filter>Fichiers sources</Filter>
    </ClCompile>
    <ClCompile Include="main.cpp">
      <Filter>Fichiers sources</Filter>
    </ClCompile>
    <ClCompile Include="Renderer.cpp">
      <Filter>Fichiers sources</Filter>
    </ClCompile>
    <ClCompile Include="utils.cpp">
      <Filter>Fichiers sources</Filter>
    </ClCompile>
    <ClCompile Include="VoxelTexture.cpp">
      <Filter>Fichiers sources</Filter>
    </ClCompile>
    <ClCompile Include="ImguiWindows.cpp">
      <Filter>Fichiers sources</Filter>
    </ClCompile>
    <ClCompile Include="..\Dep\Imgui\imgui_draw.cpp">
      <Filter>Fichiers sources\imgui</Filter>
    </ClCompile>
    <ClCompile Include="..\Dep\Imgui\imgui_impl_glfw.cpp">
      <Filter>Fichiers sources\imgui</Filter>
    </ClCompile>
    <ClCompile Include="..\Dep\Imgui\imgui_impl_opengl3.cpp">
      <Filter>Fichiers sources\imgui</Filter>
    </ClCompile>
    <ClCompile Include="..\Dep\Imgui\imgui_tables.cpp">
      <Filter>Fichiers sources\imgui</Filter>
    </ClCompile>
    <ClCompile Include="..\Dep\Imgui\imgui_widgets.cpp">
      <Filter>Fichiers sources\imgui</Filter>
    </ClCompile>
    <ClCompile Include="..\Dep\Imgui\imgui.cpp">
      <Filter>Fichiers sources\imgui</Filter>
    </ClCompile>
    <ClCompile Include="PhysicsSolver.cpp">
      <Filter>Fichiers sources</Filter>
    </ClCompile>
    <ClCompile Include="Player.cpp">
      <Filter>Fichiers sources</Filter>
    </ClCompile>
    <ClCompile Include="SaveManager.cpp">
      <Filter>Fichiers sources</Filter>
    </ClCompile>
    <ClCompile Include="SettingsManager.cpp">
      <Filter>Fichiers sources</Filter>
    </ClCompile>
    <ClCompile Include="..\Dep\Imgui\imgui_stdlib.cpp">
      <Filter>Fichiers sources\imgui</Filter>
    </ClCompile>
  </ItemGroup>
  <ItemGroup>
    <None Include="frag.glsl">
      <Filter>Fichiers de ressources</Filter>
    </None>
    <None Include="vert.glsl">
      <Filter>Fichiers de ressources</Filter>
    </None>
    <None Include="compute.glsl">
      <Filter>Fichiers de ressources</Filter>
    </None>
  </ItemGroup>
</Project>